
Microsoft Visual Studio Solution File, Format Version 12.00
# Visual Studio Version 17
VisualStudioVersion = 17.4.33110.190
MinimumVisualStudioVersion = 10.0.40219.1
Project("{FAE04EC0-301F-11D3-BF4B-00C04F79EFBC}") = "DestoPesto.UWP", "DestoPesto\DestoPesto.UWP\DestoPesto.UWP.csproj", "{AB06ED34-392B-4148-BACE-E62068F2FF43}"
EndProject
Project("{FAE04EC0-301F-11D3-BF4B-00C04F79EFBC}") = "DestoPesto.Android", "DestoPesto\DestoPesto.Android\DestoPesto.Android.csproj", "{22DF6BAB-37D1-4845-856C-48602A516BEE}"
EndProject
Project("{FAE04EC0-301F-11D3-BF4B-00C04F79EFBC}") = "DestoPesto.iOS", "DestoPesto\DestoPesto.iOS\DestoPesto.iOS.csproj", "{ED76451B-C4E2-43C3-880C-618901F77986}"
EndProject
Project("{9A19103F-16F7-4668-BE54-9A1E7A4F7556}") = "DestoPesto", "DestoPesto\DestoPesto\DestoPesto.csproj", "{64A80113-67FA-4E05-AD77-80A485088F14}"
EndProject
Project("{9A19103F-16F7-4668-BE54-9A1E7A4F7556}") = "Authentication", "Authentication\Authentication.csproj", "{BF4AEE0B-8E63-4C81-AC3B-795F1DC40136}"
EndProject
Project("{FAE04EC0-301F-11D3-BF4B-00C04F79EFBC}") = "Authentication.Android", "Authentication.Android\Authentication.Android.csproj", "{3225DE40-E727-4812-860A-F11B3E44F242}"
EndProject
Project("{FAE04EC0-301F-11D3-BF4B-00C04F79EFBC}") = "Authentication.iOS", "Authentication.iOS\Authentication.iOS.csproj", "{F180A55C-4AB5-4C9A-8802-079D8424331E}"
EndProject
Project("{9A19103F-16F7-4668-BE54-9A1E7A4F7556}") = "Map", "Map\Map.csproj", "{C823DE42-0CB2-497E-89F4-99F060082CE2}"
EndProject
Project("{FAE04EC0-301F-11D3-BF4B-00C04F79EFBC}") = "Map.iOS", "Map.iOS\Map.iOS.csproj", "{E26E076B-FFF7-45CB-A1E6-CD5047A1EC8D}"
EndProject
Project("{FAE04EC0-301F-11D3-BF4B-00C04F79EFBC}") = "Map.Android", "Map.Android\Map.Android.csproj", "{C6358444-ED57-44A4-B76C-BA1C3CE6BFF9}"
EndProject
Project("{FAE04EC0-301F-11D3-BF4B-00C04F79EFBC}") = "FCMTest", "FCMTest\FCMTest.csproj", "{71D6D638-08ED-497B-8A19-AC54B09080F7}"
EndProject
Project("{FAE04EC0-301F-11D3-BF4B-00C04F79EFBC}") = "DebugLog", "DebugLog\DebugLog.csproj", "{D0126EB4-BAE9-4D0C-BB49-0FBA71CD67AB}"
EndProject
Global
	GlobalSection(SolutionConfigurationPlatforms) = preSolution
		Debug|Any CPU = Debug|Any CPU
		Debug|ARM = Debug|ARM
		Debug|iPhone = Debug|iPhone
		Debug|iPhoneSimulator = Debug|iPhoneSimulator
		Debug|x64 = Debug|x64
		Debug|x86 = Debug|x86
		Release|Any CPU = Release|Any CPU
		Release|ARM = Release|ARM
		Release|iPhone = Release|iPhone
		Release|iPhoneSimulator = Release|iPhoneSimulator
		Release|x64 = Release|x64
		Release|x86 = Release|x86
	EndGlobalSection
	GlobalSection(ProjectConfigurationPlatforms) = postSolution
		{AB06ED34-392B-4148-BACE-E62068F2FF43}.Debug|Any CPU.ActiveCfg = Debug|x86
		{AB06ED34-392B-4148-BACE-E62068F2FF43}.Debug|Any CPU.Build.0 = Debug|x86
		{AB06ED34-392B-4148-BACE-E62068F2FF43}.Debug|Any CPU.Deploy.0 = Debug|x86
		{AB06ED34-392B-4148-BACE-E62068F2FF43}.Debug|ARM.ActiveCfg = Debug|ARM
		{AB06ED34-392B-4148-BACE-E62068F2FF43}.Debug|ARM.Build.0 = Debug|ARM
		{AB06ED34-392B-4148-BACE-E62068F2FF43}.Debug|ARM.Deploy.0 = Debug|ARM
		{AB06ED34-392B-4148-BACE-E62068F2FF43}.Debug|iPhone.ActiveCfg = Debug|x86
		{AB06ED34-392B-4148-BACE-E62068F2FF43}.Debug|iPhone.Build.0 = Debug|x86
		{AB06ED34-392B-4148-BACE-E62068F2FF43}.Debug|iPhone.Deploy.0 = Debug|x86
		{AB06ED34-392B-4148-BACE-E62068F2FF43}.Debug|iPhoneSimulator.ActiveCfg = Debug|x86
		{AB06ED34-392B-4148-BACE-E62068F2FF43}.Debug|iPhoneSimulator.Build.0 = Debug|x86
		{AB06ED34-392B-4148-BACE-E62068F2FF43}.Debug|iPhoneSimulator.Deploy.0 = Debug|x86
		{AB06ED34-392B-4148-BACE-E62068F2FF43}.Debug|x64.ActiveCfg = Debug|x64
		{AB06ED34-392B-4148-BACE-E62068F2FF43}.Debug|x64.Build.0 = Debug|x64
		{AB06ED34-392B-4148-BACE-E62068F2FF43}.Debug|x64.Deploy.0 = Debug|x64
		{AB06ED34-392B-4148-BACE-E62068F2FF43}.Debug|x86.ActiveCfg = Debug|x86
		{AB06ED34-392B-4148-BACE-E62068F2FF43}.Debug|x86.Build.0 = Debug|x86
		{AB06ED34-392B-4148-BACE-E62068F2FF43}.Debug|x86.Deploy.0 = Debug|x86
		{AB06ED34-392B-4148-BACE-E62068F2FF43}.Release|Any CPU.ActiveCfg = Release|x86
		{AB06ED34-392B-4148-BACE-E62068F2FF43}.Release|Any CPU.Build.0 = Release|x86
		{AB06ED34-392B-4148-BACE-E62068F2FF43}.Release|Any CPU.Deploy.0 = Release|x86
		{AB06ED34-392B-4148-BACE-E62068F2FF43}.Release|ARM.ActiveCfg = Release|ARM
		{AB06ED34-392B-4148-BACE-E62068F2FF43}.Release|ARM.Build.0 = Release|ARM
		{AB06ED34-392B-4148-BACE-E62068F2FF43}.Release|ARM.Deploy.0 = Release|ARM
		{AB06ED34-392B-4148-BACE-E62068F2FF43}.Release|iPhone.ActiveCfg = Release|x86
		{AB06ED34-392B-4148-BACE-E62068F2FF43}.Release|iPhone.Build.0 = Release|x86
		{AB06ED34-392B-4148-BACE-E62068F2FF43}.Release|iPhone.Deploy.0 = Release|x86
		{AB06ED34-392B-4148-BACE-E62068F2FF43}.Release|iPhoneSimulator.ActiveCfg = Release|x86
		{AB06ED34-392B-4148-BACE-E62068F2FF43}.Release|iPhoneSimulator.Build.0 = Release|x86
		{AB06ED34-392B-4148-BACE-E62068F2FF43}.Release|iPhoneSimulator.Deploy.0 = Release|x86
		{AB06ED34-392B-4148-BACE-E62068F2FF43}.Release|x64.ActiveCfg = Release|x64
		{AB06ED34-392B-4148-BACE-E62068F2FF43}.Release|x64.Build.0 = Release|x64
		{AB06ED34-392B-4148-BACE-E62068F2FF43}.Release|x64.Deploy.0 = Release|x64
		{AB06ED34-392B-4148-BACE-E62068F2FF43}.Release|x86.ActiveCfg = Release|x86
		{AB06ED34-392B-4148-BACE-E62068F2FF43}.Release|x86.Build.0 = Release|x86
		{AB06ED34-392B-4148-BACE-E62068F2FF43}.Release|x86.Deploy.0 = Release|x86
		{22DF6BAB-37D1-4845-856C-48602A516BEE}.Debug|Any CPU.ActiveCfg = Debug|Any CPU
		{22DF6BAB-37D1-4845-856C-48602A516BEE}.Debug|Any CPU.Build.0 = Debug|Any CPU
		{22DF6BAB-37D1-4845-856C-48602A516BEE}.Debug|Any CPU.Deploy.0 = Debug|Any CPU
		{22DF6BAB-37D1-4845-856C-48602A516BEE}.Debug|ARM.ActiveCfg = Debug|Any CPU
		{22DF6BAB-37D1-4845-856C-48602A516BEE}.Debug|ARM.Build.0 = Debug|Any CPU
		{22DF6BAB-37D1-4845-856C-48602A516BEE}.Debug|ARM.Deploy.0 = Debug|Any CPU
		{22DF6BAB-37D1-4845-856C-48602A516BEE}.Debug|iPhone.ActiveCfg = Debug|Any CPU
		{22DF6BAB-37D1-4845-856C-48602A516BEE}.Debug|iPhone.Build.0 = Debug|Any CPU
		{22DF6BAB-37D1-4845-856C-48602A516BEE}.Debug|iPhone.Deploy.0 = Debug|Any CPU
		{22DF6BAB-37D1-4845-856C-48602A516BEE}.Debug|iPhoneSimulator.ActiveCfg = Debug|Any CPU
		{22DF6BAB-37D1-4845-856C-48602A516BEE}.Debug|iPhoneSimulator.Build.0 = Debug|Any CPU
		{22DF6BAB-37D1-4845-856C-48602A516BEE}.Debug|iPhoneSimulator.Deploy.0 = Debug|Any CPU
		{22DF6BAB-37D1-4845-856C-48602A516BEE}.Debug|x64.ActiveCfg = Debug|Any CPU
		{22DF6BAB-37D1-4845-856C-48602A516BEE}.Debug|x64.Build.0 = Debug|Any CPU
		{22DF6BAB-37D1-4845-856C-48602A516BEE}.Debug|x64.Deploy.0 = Debug|Any CPU
		{22DF6BAB-37D1-4845-856C-48602A516BEE}.Debug|x86.ActiveCfg = Debug|Any CPU
		{22DF6BAB-37D1-4845-856C-48602A516BEE}.Debug|x86.Build.0 = Debug|Any CPU
		{22DF6BAB-37D1-4845-856C-48602A516BEE}.Debug|x86.Deploy.0 = Debug|Any CPU
		{22DF6BAB-37D1-4845-856C-48602A516BEE}.Release|Any CPU.ActiveCfg = Release|Any CPU
		{22DF6BAB-37D1-4845-856C-48602A516BEE}.Release|Any CPU.Build.0 = Release|Any CPU
		{22DF6BAB-37D1-4845-856C-48602A516BEE}.Release|Any CPU.Deploy.0 = Release|Any CPU
		{22DF6BAB-37D1-4845-856C-48602A516BEE}.Release|ARM.ActiveCfg = Release|Any CPU
		{22DF6BAB-37D1-4845-856C-48602A516BEE}.Release|ARM.Build.0 = Release|Any CPU
		{22DF6BAB-37D1-4845-856C-48602A516BEE}.Release|ARM.Deploy.0 = Release|Any CPU
		{22DF6BAB-37D1-4845-856C-48602A516BEE}.Release|iPhone.ActiveCfg = Release|Any CPU
		{22DF6BAB-37D1-4845-856C-48602A516BEE}.Release|iPhone.Build.0 = Release|Any CPU
		{22DF6BAB-37D1-4845-856C-48602A516BEE}.Release|iPhone.Deploy.0 = Release|Any CPU
		{22DF6BAB-37D1-4845-856C-48602A516BEE}.Release|iPhoneSimulator.ActiveCfg = Release|Any CPU
		{22DF6BAB-37D1-4845-856C-48602A516BEE}.Release|iPhoneSimulator.Build.0 = Release|Any CPU
		{22DF6BAB-37D1-4845-856C-48602A516BEE}.Release|iPhoneSimulator.Deploy.0 = Release|Any CPU
		{22DF6BAB-37D1-4845-856C-48602A516BEE}.Release|x64.ActiveCfg = Release|Any CPU
		{22DF6BAB-37D1-4845-856C-48602A516BEE}.Release|x64.Build.0 = Release|Any CPU
		{22DF6BAB-37D1-4845-856C-48602A516BEE}.Release|x64.Deploy.0 = Release|Any CPU
		{22DF6BAB-37D1-4845-856C-48602A516BEE}.Release|x86.ActiveCfg = Release|Any CPU
		{22DF6BAB-37D1-4845-856C-48602A516BEE}.Release|x86.Build.0 = Release|Any CPU
		{22DF6BAB-37D1-4845-856C-48602A516BEE}.Release|x86.Deploy.0 = Release|Any CPU
		{ED76451B-C4E2-43C3-880C-618901F77986}.Debug|Any CPU.ActiveCfg = Debug|iPhoneSimulator
		{ED76451B-C4E2-43C3-880C-618901F77986}.Debug|Any CPU.Build.0 = Debug|iPhoneSimulator
		{ED76451B-C4E2-43C3-880C-618901F77986}.Debug|Any CPU.Deploy.0 = Debug|iPhoneSimulator
		{ED76451B-C4E2-43C3-880C-618901F77986}.Debug|ARM.ActiveCfg = Debug|iPhone
		{ED76451B-C4E2-43C3-880C-618901F77986}.Debug|ARM.Build.0 = Debug|iPhone
		{ED76451B-C4E2-43C3-880C-618901F77986}.Debug|ARM.Deploy.0 = Debug|iPhone
		{ED76451B-C4E2-43C3-880C-618901F77986}.Debug|iPhone.ActiveCfg = Debug|iPhone
		{ED76451B-C4E2-43C3-880C-618901F77986}.Debug|iPhone.Build.0 = Debug|iPhone
		{ED76451B-C4E2-43C3-880C-618901F77986}.Debug|iPhone.Deploy.0 = Debug|iPhone
		{ED76451B-C4E2-43C3-880C-618901F77986}.Debug|iPhoneSimulator.ActiveCfg = Debug|iPhoneSimulator
		{ED76451B-C4E2-43C3-880C-618901F77986}.Debug|iPhoneSimulator.Build.0 = Debug|iPhoneSimulator
		{ED76451B-C4E2-43C3-880C-618901F77986}.Debug|iPhoneSimulator.Deploy.0 = Debug|iPhoneSimulator
		{ED76451B-C4E2-43C3-880C-618901F77986}.Debug|x64.ActiveCfg = Debug|iPhoneSimulator
		{ED76451B-C4E2-43C3-880C-618901F77986}.Debug|x64.Build.0 = Debug|iPhoneSimulator
		{ED76451B-C4E2-43C3-880C-618901F77986}.Debug|x64.Deploy.0 = Debug|iPhoneSimulator
		{ED76451B-C4E2-43C3-880C-618901F77986}.Debug|x86.ActiveCfg = Debug|iPhoneSimulator
		{ED76451B-C4E2-43C3-880C-618901F77986}.Debug|x86.Build.0 = Debug|iPhoneSimulator
		{ED76451B-C4E2-43C3-880C-618901F77986}.Debug|x86.Deploy.0 = Debug|iPhoneSimulator
		{ED76451B-C4E2-43C3-880C-618901F77986}.Release|Any CPU.ActiveCfg = Release|iPhoneSimulator
		{ED76451B-C4E2-43C3-880C-618901F77986}.Release|Any CPU.Build.0 = Release|iPhoneSimulator
		{ED76451B-C4E2-43C3-880C-618901F77986}.Release|Any CPU.Deploy.0 = Release|iPhoneSimulator
		{ED76451B-C4E2-43C3-880C-618901F77986}.Release|ARM.ActiveCfg = Release|iPhoneSimulator
		{ED76451B-C4E2-43C3-880C-618901F77986}.Release|ARM.Build.0 = Release|iPhoneSimulator
		{ED76451B-C4E2-43C3-880C-618901F77986}.Release|ARM.Deploy.0 = Release|iPhoneSimulator
		{ED76451B-C4E2-43C3-880C-618901F77986}.Release|iPhone.ActiveCfg = Release|iPhone
		{ED76451B-C4E2-43C3-880C-618901F77986}.Release|iPhone.Build.0 = Release|iPhone
		{ED76451B-C4E2-43C3-880C-618901F77986}.Release|iPhone.Deploy.0 = Release|iPhone
		{ED76451B-C4E2-43C3-880C-618901F77986}.Release|iPhoneSimulator.ActiveCfg = Release|iPhoneSimulator
		{ED76451B-C4E2-43C3-880C-618901F77986}.Release|iPhoneSimulator.Build.0 = Release|iPhoneSimulator
		{ED76451B-C4E2-43C3-880C-618901F77986}.Release|iPhoneSimulator.Deploy.0 = Release|iPhoneSimulator
		{ED76451B-C4E2-43C3-880C-618901F77986}.Release|x64.ActiveCfg = Release|iPhoneSimulator
		{ED76451B-C4E2-43C3-880C-618901F77986}.Release|x64.Build.0 = Release|iPhoneSimulator
		{ED76451B-C4E2-43C3-880C-618901F77986}.Release|x64.Deploy.0 = Release|iPhoneSimulator
		{ED76451B-C4E2-43C3-880C-618901F77986}.Release|x86.ActiveCfg = Release|iPhoneSimulator
		{ED76451B-C4E2-43C3-880C-618901F77986}.Release|x86.Build.0 = Release|iPhoneSimulator
		{ED76451B-C4E2-43C3-880C-618901F77986}.Release|x86.Deploy.0 = Release|iPhoneSimulator
		{64A80113-67FA-4E05-AD77-80A485088F14}.Debug|Any CPU.ActiveCfg = Debug|Any CPU
		{64A80113-67FA-4E05-AD77-80A485088F14}.Debug|Any CPU.Build.0 = Debug|Any CPU
		{64A80113-67FA-4E05-AD77-80A485088F14}.Debug|Any CPU.Deploy.0 = Debug|Any CPU
		{64A80113-67FA-4E05-AD77-80A485088F14}.Debug|ARM.ActiveCfg = Debug|Any CPU
		{64A80113-67FA-4E05-AD77-80A485088F14}.Debug|ARM.Build.0 = Debug|Any CPU
		{64A80113-67FA-4E05-AD77-80A485088F14}.Debug|ARM.Deploy.0 = Debug|Any CPU
		{64A80113-67FA-4E05-AD77-80A485088F14}.Debug|iPhone.ActiveCfg = Debug|Any CPU
		{64A80113-67FA-4E05-AD77-80A485088F14}.Debug|iPhone.Build.0 = Debug|Any CPU
		{64A80113-67FA-4E05-AD77-80A485088F14}.Debug|iPhone.Deploy.0 = Debug|Any CPU
		{64A80113-67FA-4E05-AD77-80A485088F14}.Debug|iPhoneSimulator.ActiveCfg = Debug|Any CPU
		{64A80113-67FA-4E05-AD77-80A485088F14}.Debug|iPhoneSimulator.Build.0 = Debug|Any CPU
		{64A80113-67FA-4E05-AD77-80A485088F14}.Debug|iPhoneSimulator.Deploy.0 = Debug|Any CPU
		{64A80113-67FA-4E05-AD77-80A485088F14}.Debug|x64.ActiveCfg = Debug|Any CPU
		{64A80113-67FA-4E05-AD77-80A485088F14}.Debug|x64.Build.0 = Debug|Any CPU
		{64A80113-67FA-4E05-AD77-80A485088F14}.Debug|x64.Deploy.0 = Debug|Any CPU
		{64A80113-67FA-4E05-AD77-80A485088F14}.Debug|x86.ActiveCfg = Debug|Any CPU
		{64A80113-67FA-4E05-AD77-80A485088F14}.Debug|x86.Build.0 = Debug|Any CPU
		{64A80113-67FA-4E05-AD77-80A485088F14}.Debug|x86.Deploy.0 = Debug|Any CPU
		{64A80113-67FA-4E05-AD77-80A485088F14}.Release|Any CPU.ActiveCfg = Release|Any CPU
		{64A80113-67FA-4E05-AD77-80A485088F14}.Release|Any CPU.Build.0 = Release|Any CPU
		{64A80113-67FA-4E05-AD77-80A485088F14}.Release|Any CPU.Deploy.0 = Release|Any CPU
		{64A80113-67FA-4E05-AD77-80A485088F14}.Release|ARM.ActiveCfg = Release|Any CPU
		{64A80113-67FA-4E05-AD77-80A485088F14}.Release|ARM.Build.0 = Release|Any CPU
		{64A80113-67FA-4E05-AD77-80A485088F14}.Release|ARM.Deploy.0 = Release|Any CPU
		{64A80113-67FA-4E05-AD77-80A485088F14}.Release|iPhone.ActiveCfg = Release|Any CPU
		{64A80113-67FA-4E05-AD77-80A485088F14}.Release|iPhone.Build.0 = Release|Any CPU
		{64A80113-67FA-4E05-AD77-80A485088F14}.Release|iPhone.Deploy.0 = Release|Any CPU
		{64A80113-67FA-4E05-AD77-80A485088F14}.Release|iPhoneSimulator.ActiveCfg = Release|Any CPU
		{64A80113-67FA-4E05-AD77-80A485088F14}.Release|iPhoneSimulator.Build.0 = Release|Any CPU
		{64A80113-67FA-4E05-AD77-80A485088F14}.Release|iPhoneSimulator.Deploy.0 = Release|Any CPU
		{64A80113-67FA-4E05-AD77-80A485088F14}.Release|x64.ActiveCfg = Release|Any CPU
		{64A80113-67FA-4E05-AD77-80A485088F14}.Release|x64.Build.0 = Release|Any CPU
		{64A80113-67FA-4E05-AD77-80A485088F14}.Release|x64.Deploy.0 = Release|Any CPU
		{64A80113-67FA-4E05-AD77-80A485088F14}.Release|x86.ActiveCfg = Release|Any CPU
		{64A80113-67FA-4E05-AD77-80A485088F14}.Release|x86.Build.0 = Release|Any CPU
		{64A80113-67FA-4E05-AD77-80A485088F14}.Release|x86.Deploy.0 = Release|Any CPU
		{BF4AEE0B-8E63-4C81-AC3B-795F1DC40136}.Debug|Any CPU.ActiveCfg = Debug|Any CPU
		{BF4AEE0B-8E63-4C81-AC3B-795F1DC40136}.Debug|Any CPU.Build.0 = Debug|Any CPU
		{BF4AEE0B-8E63-4C81-AC3B-795F1DC40136}.Debug|ARM.ActiveCfg = Debug|Any CPU
		{BF4AEE0B-8E63-4C81-AC3B-795F1DC40136}.Debug|ARM.Build.0 = Debug|Any CPU
		{BF4AEE0B-8E63-4C81-AC3B-795F1DC40136}.Debug|iPhone.ActiveCfg = Debug|Any CPU
		{BF4AEE0B-8E63-4C81-AC3B-795F1DC40136}.Debug|iPhone.Build.0 = Debug|Any CPU
		{BF4AEE0B-8E63-4C81-AC3B-795F1DC40136}.Debug|iPhoneSimulator.ActiveCfg = Debug|Any CPU
		{BF4AEE0B-8E63-4C81-AC3B-795F1DC40136}.Debug|iPhoneSimulator.Build.0 = Debug|Any CPU
		{BF4AEE0B-8E63-4C81-AC3B-795F1DC40136}.Debug|x64.ActiveCfg = Debug|Any CPU
		{BF4AEE0B-8E63-4C81-AC3B-795F1DC40136}.Debug|x64.Build.0 = Debug|Any CPU
		{BF4AEE0B-8E63-4C81-AC3B-795F1DC40136}.Debug|x86.ActiveCfg = Debug|Any CPU
		{BF4AEE0B-8E63-4C81-AC3B-795F1DC40136}.Debug|x86.Build.0 = Debug|Any CPU
		{BF4AEE0B-8E63-4C81-AC3B-795F1DC40136}.Release|Any CPU.ActiveCfg = Release|Any CPU
		{BF4AEE0B-8E63-4C81-AC3B-795F1DC40136}.Release|Any CPU.Build.0 = Release|Any CPU
		{BF4AEE0B-8E63-4C81-AC3B-795F1DC40136}.Release|ARM.ActiveCfg = Release|Any CPU
		{BF4AEE0B-8E63-4C81-AC3B-795F1DC40136}.Release|ARM.Build.0 = Release|Any CPU
		{BF4AEE0B-8E63-4C81-AC3B-795F1DC40136}.Release|iPhone.ActiveCfg = Release|Any CPU
		{BF4AEE0B-8E63-4C81-AC3B-795F1DC40136}.Release|iPhone.Build.0 = Release|Any CPU
		{BF4AEE0B-8E63-4C81-AC3B-795F1DC40136}.Release|iPhoneSimulator.ActiveCfg = Release|Any CPU
		{BF4AEE0B-8E63-4C81-AC3B-795F1DC40136}.Release|iPhoneSimulator.Build.0 = Release|Any CPU
		{BF4AEE0B-8E63-4C81-AC3B-795F1DC40136}.Release|x64.ActiveCfg = Release|Any CPU
		{BF4AEE0B-8E63-4C81-AC3B-795F1DC40136}.Release|x64.Build.0 = Release|Any CPU
		{BF4AEE0B-8E63-4C81-AC3B-795F1DC40136}.Release|x86.ActiveCfg = Release|Any CPU
		{BF4AEE0B-8E63-4C81-AC3B-795F1DC40136}.Release|x86.Build.0 = Release|Any CPU
		{3225DE40-E727-4812-860A-F11B3E44F242}.Debug|Any CPU.ActiveCfg = Debug|Any CPU
		{3225DE40-E727-4812-860A-F11B3E44F242}.Debug|Any CPU.Build.0 = Debug|Any CPU
		{3225DE40-E727-4812-860A-F11B3E44F242}.Debug|ARM.ActiveCfg = Debug|Any CPU
		{3225DE40-E727-4812-860A-F11B3E44F242}.Debug|ARM.Build.0 = Debug|Any CPU
		{3225DE40-E727-4812-860A-F11B3E44F242}.Debug|iPhone.ActiveCfg = Debug|Any CPU
		{3225DE40-E727-4812-860A-F11B3E44F242}.Debug|iPhone.Build.0 = Debug|Any CPU
		{3225DE40-E727-4812-860A-F11B3E44F242}.Debug|iPhoneSimulator.ActiveCfg = Debug|Any CPU
		{3225DE40-E727-4812-860A-F11B3E44F242}.Debug|iPhoneSimulator.Build.0 = Debug|Any CPU
		{3225DE40-E727-4812-860A-F11B3E44F242}.Debug|x64.ActiveCfg = Debug|Any CPU
		{3225DE40-E727-4812-860A-F11B3E44F242}.Debug|x64.Build.0 = Debug|Any CPU
		{3225DE40-E727-4812-860A-F11B3E44F242}.Debug|x86.ActiveCfg = Debug|Any CPU
		{3225DE40-E727-4812-860A-F11B3E44F242}.Debug|x86.Build.0 = Debug|Any CPU
		{3225DE40-E727-4812-860A-F11B3E44F242}.Release|Any CPU.ActiveCfg = Release|Any CPU
		{3225DE40-E727-4812-860A-F11B3E44F242}.Release|Any CPU.Build.0 = Release|Any CPU
		{3225DE40-E727-4812-860A-F11B3E44F242}.Release|ARM.ActiveCfg = Release|Any CPU
		{3225DE40-E727-4812-860A-F11B3E44F242}.Release|ARM.Build.0 = Release|Any CPU
		{3225DE40-E727-4812-860A-F11B3E44F242}.Release|iPhone.ActiveCfg = Release|Any CPU
		{3225DE40-E727-4812-860A-F11B3E44F242}.Release|iPhone.Build.0 = Release|Any CPU
		{3225DE40-E727-4812-860A-F11B3E44F242}.Release|iPhoneSimulator.ActiveCfg = Release|Any CPU
		{3225DE40-E727-4812-860A-F11B3E44F242}.Release|iPhoneSimulator.Build.0 = Release|Any CPU
		{3225DE40-E727-4812-860A-F11B3E44F242}.Release|x64.ActiveCfg = Release|Any CPU
		{3225DE40-E727-4812-860A-F11B3E44F242}.Release|x64.Build.0 = Release|Any CPU
		{3225DE40-E727-4812-860A-F11B3E44F242}.Release|x86.ActiveCfg = Release|Any CPU
		{3225DE40-E727-4812-860A-F11B3E44F242}.Release|x86.Build.0 = Release|Any CPU
		{F180A55C-4AB5-4C9A-8802-079D8424331E}.Debug|Any CPU.ActiveCfg = Debug|Any CPU
		{F180A55C-4AB5-4C9A-8802-079D8424331E}.Debug|Any CPU.Build.0 = Debug|Any CPU
		{F180A55C-4AB5-4C9A-8802-079D8424331E}.Debug|ARM.ActiveCfg = Debug|Any CPU
		{F180A55C-4AB5-4C9A-8802-079D8424331E}.Debug|ARM.Build.0 = Debug|Any CPU
		{F180A55C-4AB5-4C9A-8802-079D8424331E}.Debug|iPhone.ActiveCfg = Debug|Any CPU
		{F180A55C-4AB5-4C9A-8802-079D8424331E}.Debug|iPhone.Build.0 = Debug|Any CPU
		{F180A55C-4AB5-4C9A-8802-079D8424331E}.Debug|iPhoneSimulator.ActiveCfg = Debug|Any CPU
		{F180A55C-4AB5-4C9A-8802-079D8424331E}.Debug|iPhoneSimulator.Build.0 = Debug|Any CPU
		{F180A55C-4AB5-4C9A-8802-079D8424331E}.Debug|x64.ActiveCfg = Debug|Any CPU
		{F180A55C-4AB5-4C9A-8802-079D8424331E}.Debug|x64.Build.0 = Debug|Any CPU
		{F180A55C-4AB5-4C9A-8802-079D8424331E}.Debug|x86.ActiveCfg = Debug|Any CPU
		{F180A55C-4AB5-4C9A-8802-079D8424331E}.Debug|x86.Build.0 = Debug|Any CPU
		{F180A55C-4AB5-4C9A-8802-079D8424331E}.Release|Any CPU.ActiveCfg = Release|Any CPU
		{F180A55C-4AB5-4C9A-8802-079D8424331E}.Release|Any CPU.Build.0 = Release|Any CPU
		{F180A55C-4AB5-4C9A-8802-079D8424331E}.Release|ARM.ActiveCfg = Release|Any CPU
		{F180A55C-4AB5-4C9A-8802-079D8424331E}.Release|ARM.Build.0 = Release|Any CPU
		{F180A55C-4AB5-4C9A-8802-079D8424331E}.Release|iPhone.ActiveCfg = Release|Any CPU
		{F180A55C-4AB5-4C9A-8802-079D8424331E}.Release|iPhone.Build.0 = Release|Any CPU
		{F180A55C-4AB5-4C9A-8802-079D8424331E}.Release|iPhoneSimulator.ActiveCfg = Release|Any CPU
		{F180A55C-4AB5-4C9A-8802-079D8424331E}.Release|iPhoneSimulator.Build.0 = Release|Any CPU
		{F180A55C-4AB5-4C9A-8802-079D8424331E}.Release|x64.ActiveCfg = Release|Any CPU
		{F180A55C-4AB5-4C9A-8802-079D8424331E}.Release|x64.Build.0 = Release|Any CPU
		{F180A55C-4AB5-4C9A-8802-079D8424331E}.Release|x86.ActiveCfg = Release|Any CPU
		{F180A55C-4AB5-4C9A-8802-079D8424331E}.Release|x86.Build.0 = Release|Any CPU
		{C823DE42-0CB2-497E-89F4-99F060082CE2}.Debug|Any CPU.ActiveCfg = Debug|Any CPU
		{C823DE42-0CB2-497E-89F4-99F060082CE2}.Debug|Any CPU.Build.0 = Debug|Any CPU
		{C823DE42-0CB2-497E-89F4-99F060082CE2}.Debug|ARM.ActiveCfg = Debug|Any CPU
		{C823DE42-0CB2-497E-89F4-99F060082CE2}.Debug|ARM.Build.0 = Debug|Any CPU
		{C823DE42-0CB2-497E-89F4-99F060082CE2}.Debug|iPhone.ActiveCfg = Debug|Any CPU
		{C823DE42-0CB2-497E-89F4-99F060082CE2}.Debug|iPhone.Build.0 = Debug|Any CPU
		{C823DE42-0CB2-497E-89F4-99F060082CE2}.Debug|iPhoneSimulator.ActiveCfg = Debug|Any CPU
		{C823DE42-0CB2-497E-89F4-99F060082CE2}.Debug|iPhoneSimulator.Build.0 = Debug|Any CPU
		{C823DE42-0CB2-497E-89F4-99F060082CE2}.Debug|x64.ActiveCfg = Debug|Any CPU
		{C823DE42-0CB2-497E-89F4-99F060082CE2}.Debug|x64.Build.0 = Debug|Any CPU
		{C823DE42-0CB2-497E-89F4-99F060082CE2}.Debug|x86.ActiveCfg = Debug|Any CPU
		{C823DE42-0CB2-497E-89F4-99F060082CE2}.Debug|x86.Build.0 = Debug|Any CPU
		{C823DE42-0CB2-497E-89F4-99F060082CE2}.Release|Any CPU.ActiveCfg = Release|Any CPU
		{C823DE42-0CB2-497E-89F4-99F060082CE2}.Release|Any CPU.Build.0 = Release|Any CPU
		{C823DE42-0CB2-497E-89F4-99F060082CE2}.Release|ARM.ActiveCfg = Release|Any CPU
		{C823DE42-0CB2-497E-89F4-99F060082CE2}.Release|ARM.Build.0 = Release|Any CPU
		{C823DE42-0CB2-497E-89F4-99F060082CE2}.Release|iPhone.ActiveCfg = Release|Any CPU
		{C823DE42-0CB2-497E-89F4-99F060082CE2}.Release|iPhone.Build.0 = Release|Any CPU
		{C823DE42-0CB2-497E-89F4-99F060082CE2}.Release|iPhoneSimulator.ActiveCfg = Release|Any CPU
		{C823DE42-0CB2-497E-89F4-99F060082CE2}.Release|iPhoneSimulator.Build.0 = Release|Any CPU
		{C823DE42-0CB2-497E-89F4-99F060082CE2}.Release|x64.ActiveCfg = Release|Any CPU
		{C823DE42-0CB2-497E-89F4-99F060082CE2}.Release|x64.Build.0 = Release|Any CPU
		{C823DE42-0CB2-497E-89F4-99F060082CE2}.Release|x86.ActiveCfg = Release|Any CPU
		{C823DE42-0CB2-497E-89F4-99F060082CE2}.Release|x86.Build.0 = Release|Any CPU
		{E26E076B-FFF7-45CB-A1E6-CD5047A1EC8D}.Debug|Any CPU.ActiveCfg = Debug|Any CPU
		{E26E076B-FFF7-45CB-A1E6-CD5047A1EC8D}.Debug|Any CPU.Build.0 = Debug|Any CPU
		{E26E076B-FFF7-45CB-A1E6-CD5047A1EC8D}.Debug|ARM.ActiveCfg = Debug|Any CPU
		{E26E076B-FFF7-45CB-A1E6-CD5047A1EC8D}.Debug|ARM.Build.0 = Debug|Any CPU
		{E26E076B-FFF7-45CB-A1E6-CD5047A1EC8D}.Debug|iPhone.ActiveCfg = Debug|Any CPU
		{E26E076B-FFF7-45CB-A1E6-CD5047A1EC8D}.Debug|iPhone.Build.0 = Debug|Any CPU
		{E26E076B-FFF7-45CB-A1E6-CD5047A1EC8D}.Debug|iPhoneSimulator.ActiveCfg = Debug|Any CPU
		{E26E076B-FFF7-45CB-A1E6-CD5047A1EC8D}.Debug|iPhoneSimulator.Build.0 = Debug|Any CPU
		{E26E076B-FFF7-45CB-A1E6-CD5047A1EC8D}.Debug|x64.ActiveCfg = Debug|Any CPU
		{E26E076B-FFF7-45CB-A1E6-CD5047A1EC8D}.Debug|x64.Build.0 = Debug|Any CPU
		{E26E076B-FFF7-45CB-A1E6-CD5047A1EC8D}.Debug|x86.ActiveCfg = Debug|Any CPU
		{E26E076B-FFF7-45CB-A1E6-CD5047A1EC8D}.Debug|x86.Build.0 = Debug|Any CPU
		{E26E076B-FFF7-45CB-A1E6-CD5047A1EC8D}.Release|Any CPU.ActiveCfg = Release|Any CPU
		{E26E076B-FFF7-45CB-A1E6-CD5047A1EC8D}.Release|Any CPU.Build.0 = Release|Any CPU
		{E26E076B-FFF7-45CB-A1E6-CD5047A1EC8D}.Release|ARM.ActiveCfg = Release|Any CPU
		{E26E076B-FFF7-45CB-A1E6-CD5047A1EC8D}.Release|ARM.Build.0 = Release|Any CPU
		{E26E076B-FFF7-45CB-A1E6-CD5047A1EC8D}.Release|iPhone.ActiveCfg = Release|Any CPU
		{E26E076B-FFF7-45CB-A1E6-CD5047A1EC8D}.Release|iPhone.Build.0 = Release|Any CPU
		{E26E076B-FFF7-45CB-A1E6-CD5047A1EC8D}.Release|iPhoneSimulator.ActiveCfg = Release|Any CPU
		{E26E076B-FFF7-45CB-A1E6-CD5047A1EC8D}.Release|iPhoneSimulator.Build.0 = Release|Any CPU
		{E26E076B-FFF7-45CB-A1E6-CD5047A1EC8D}.Release|x64.ActiveCfg = Release|Any CPU
		{E26E076B-FFF7-45CB-A1E6-CD5047A1EC8D}.Release|x64.Build.0 = Release|Any CPU
		{E26E076B-FFF7-45CB-A1E6-CD5047A1EC8D}.Release|x86.ActiveCfg = Release|Any CPU
		{E26E076B-FFF7-45CB-A1E6-CD5047A1EC8D}.Release|x86.Build.0 = Release|Any CPU
		{C6358444-ED57-44A4-B76C-BA1C3CE6BFF9}.Debug|Any CPU.ActiveCfg = Debug|Any CPU
		{C6358444-ED57-44A4-B76C-BA1C3CE6BFF9}.Debug|Any CPU.Build.0 = Debug|Any CPU
		{C6358444-ED57-44A4-B76C-BA1C3CE6BFF9}.Debug|ARM.ActiveCfg = Debug|Any CPU
		{C6358444-ED57-44A4-B76C-BA1C3CE6BFF9}.Debug|ARM.Build.0 = Debug|Any CPU
		{C6358444-ED57-44A4-B76C-BA1C3CE6BFF9}.Debug|iPhone.ActiveCfg = Debug|Any CPU
		{C6358444-ED57-44A4-B76C-BA1C3CE6BFF9}.Debug|iPhone.Build.0 = Debug|Any CPU
		{C6358444-ED57-44A4-B76C-BA1C3CE6BFF9}.Debug|iPhoneSimulator.ActiveCfg = Debug|Any CPU
		{C6358444-ED57-44A4-B76C-BA1C3CE6BFF9}.Debug|iPhoneSimulator.Build.0 = Debug|Any CPU
		{C6358444-ED57-44A4-B76C-BA1C3CE6BFF9}.Debug|x64.ActiveCfg = Debug|Any CPU
		{C6358444-ED57-44A4-B76C-BA1C3CE6BFF9}.Debug|x64.Build.0 = Debug|Any CPU
		{C6358444-ED57-44A4-B76C-BA1C3CE6BFF9}.Debug|x86.ActiveCfg = Debug|Any CPU
		{C6358444-ED57-44A4-B76C-BA1C3CE6BFF9}.Debug|x86.Build.0 = Debug|Any CPU
		{C6358444-ED57-44A4-B76C-BA1C3CE6BFF9}.Release|Any CPU.ActiveCfg = Release|Any CPU
		{C6358444-ED57-44A4-B76C-BA1C3CE6BFF9}.Release|Any CPU.Build.0 = Release|Any CPU
		{C6358444-ED57-44A4-B76C-BA1C3CE6BFF9}.Release|ARM.ActiveCfg = Release|Any CPU
		{C6358444-ED57-44A4-B76C-BA1C3CE6BFF9}.Release|ARM.Build.0 = Release|Any CPU
		{C6358444-ED57-44A4-B76C-BA1C3CE6BFF9}.Release|iPhone.ActiveCfg = Release|Any CPU
		{C6358444-ED57-44A4-B76C-BA1C3CE6BFF9}.Release|iPhone.Build.0 = Release|Any CPU
		{C6358444-ED57-44A4-B76C-BA1C3CE6BFF9}.Release|iPhoneSimulator.ActiveCfg = Release|Any CPU
		{C6358444-ED57-44A4-B76C-BA1C3CE6BFF9}.Release|iPhoneSimulator.Build.0 = Release|Any CPU
		{C6358444-ED57-44A4-B76C-BA1C3CE6BFF9}.Release|x64.ActiveCfg = Release|Any CPU
		{C6358444-ED57-44A4-B76C-BA1C3CE6BFF9}.Release|x64.Build.0 = Release|Any CPU
		{C6358444-ED57-44A4-B76C-BA1C3CE6BFF9}.Release|x86.ActiveCfg = Release|Any CPU
		{C6358444-ED57-44A4-B76C-BA1C3CE6BFF9}.Release|x86.Build.0 = Release|Any CPU
		{71D6D638-08ED-497B-8A19-AC54B09080F7}.Debug|Any CPU.ActiveCfg = Debug|Any CPU
		{71D6D638-08ED-497B-8A19-AC54B09080F7}.Debug|Any CPU.Build.0 = Debug|Any CPU
		{71D6D638-08ED-497B-8A19-AC54B09080F7}.Debug|ARM.ActiveCfg = Debug|Any CPU
		{71D6D638-08ED-497B-8A19-AC54B09080F7}.Debug|ARM.Build.0 = Debug|Any CPU
		{71D6D638-08ED-497B-8A19-AC54B09080F7}.Debug|iPhone.ActiveCfg = Debug|Any CPU
		{71D6D638-08ED-497B-8A19-AC54B09080F7}.Debug|iPhone.Build.0 = Debug|Any CPU
		{71D6D638-08ED-497B-8A19-AC54B09080F7}.Debug|iPhoneSimulator.ActiveCfg = Debug|Any CPU
		{71D6D638-08ED-497B-8A19-AC54B09080F7}.Debug|iPhoneSimulator.Build.0 = Debug|Any CPU
		{71D6D638-08ED-497B-8A19-AC54B09080F7}.Debug|x64.ActiveCfg = Debug|Any CPU
		{71D6D638-08ED-497B-8A19-AC54B09080F7}.Debug|x64.Build.0 = Debug|Any CPU
		{71D6D638-08ED-497B-8A19-AC54B09080F7}.Debug|x86.ActiveCfg = Debug|Any CPU
		{71D6D638-08ED-497B-8A19-AC54B09080F7}.Debug|x86.Build.0 = Debug|Any CPU
		{71D6D638-08ED-497B-8A19-AC54B09080F7}.Release|Any CPU.ActiveCfg = Release|Any CPU
		{71D6D638-08ED-497B-8A19-AC54B09080F7}.Release|Any CPU.Build.0 = Release|Any CPU
		{71D6D638-08ED-497B-8A19-AC54B09080F7}.Release|ARM.ActiveCfg = Release|Any CPU
		{71D6D638-08ED-497B-8A19-AC54B09080F7}.Release|ARM.Build.0 = Release|Any CPU
		{71D6D638-08ED-497B-8A19-AC54B09080F7}.Release|iPhone.ActiveCfg = Release|Any CPU
		{71D6D638-08ED-497B-8A19-AC54B09080F7}.Release|iPhone.Build.0 = Release|Any CPU
		{71D6D638-08ED-497B-8A19-AC54B09080F7}.Release|iPhoneSimulator.ActiveCfg = Release|Any CPU
		{71D6D638-08ED-497B-8A19-AC54B09080F7}.Release|iPhoneSimulator.Build.0 = Release|Any CPU
		{71D6D638-08ED-497B-8A19-AC54B09080F7}.Release|x64.ActiveCfg = Release|Any CPU
		{71D6D638-08ED-497B-8A19-AC54B09080F7}.Release|x64.Build.0 = Release|Any CPU
		{71D6D638-08ED-497B-8A19-AC54B09080F7}.Release|x86.ActiveCfg = Release|Any CPU
		{71D6D638-08ED-497B-8A19-AC54B09080F7}.Release|x86.Build.0 = Release|Any CPU
		{D0126EB4-BAE9-4D0C-BB49-0FBA71CD67AB}.Debug|Any CPU.ActiveCfg = Debug|Any CPU
		{D0126EB4-BAE9-4D0C-BB49-0FBA71CD67AB}.Debug|Any CPU.Build.0 = Debug|Any CPU
		{D0126EB4-BAE9-4D0C-BB49-0FBA71CD67AB}.Debug|ARM.ActiveCfg = Debug|Any CPU
		{D0126EB4-BAE9-4D0C-BB49-0FBA71CD67AB}.Debug|ARM.Build.0 = Debug|Any CPU
		{D0126EB4-BAE9-4D0C-BB49-0FBA71CD67AB}.Debug|iPhone.ActiveCfg = Debug|Any CPU
		{D0126EB4-BAE9-4D0C-BB49-0FBA71CD67AB}.Debug|iPhone.Build.0 = Debug|Any CPU
		{D0126EB4-BAE9-4D0C-BB49-0FBA71CD67AB}.Debug|iPhoneSimulator.ActiveCfg = Debug|Any CPU
		{D0126EB4-BAE9-4D0C-BB49-0FBA71CD67AB}.Debug|iPhoneSimulator.Build.0 = Debug|Any CPU
		{D0126EB4-BAE9-4D0C-BB49-0FBA71CD67AB}.Debug|x64.ActiveCfg = Debug|Any CPU
		{D0126EB4-BAE9-4D0C-BB49-0FBA71CD67AB}.Debug|x64.Build.0 = Debug|Any CPU
		{D0126EB4-BAE9-4D0C-BB49-0FBA71CD67AB}.Debug|x86.ActiveCfg = Debug|Any CPU
		{D0126EB4-BAE9-4D0C-BB49-0FBA71CD67AB}.Debug|x86.Build.0 = Debug|Any CPU
		{D0126EB4-BAE9-4D0C-BB49-0FBA71CD67AB}.Release|Any CPU.ActiveCfg = Release|Any CPU
		{D0126EB4-BAE9-4D0C-BB49-0FBA71CD67AB}.Release|Any CPU.Build.0 = Release|Any CPU
		{D0126EB4-BAE9-4D0C-BB49-0FBA71CD67AB}.Release|ARM.ActiveCfg = Release|Any CPU
		{D0126EB4-BAE9-4D0C-BB49-0FBA71CD67AB}.Release|ARM.Build.0 = Release|Any CPU
		{D0126EB4-BAE9-4D0C-BB49-0FBA71CD67AB}.Release|iPhone.ActiveCfg = Release|Any CPU
		{D0126EB4-BAE9-4D0C-BB49-0FBA71CD67AB}.Release|iPhone.Build.0 = Release|Any CPU
		{D0126EB4-BAE9-4D0C-BB49-0FBA71CD67AB}.Release|iPhoneSimulator.ActiveCfg = Release|Any CPU
		{D0126EB4-BAE9-4D0C-BB49-0FBA71CD67AB}.Release|iPhoneSimulator.Build.0 = Release|Any CPU
		{D0126EB4-BAE9-4D0C-BB49-0FBA71CD67AB}.Release|x64.ActiveCfg = Release|Any CPU
		{D0126EB4-BAE9-4D0C-BB49-0FBA71CD67AB}.Release|x64.Build.0 = Release|Any CPU
		{D0126EB4-BAE9-4D0C-BB49-0FBA71CD67AB}.Release|x86.ActiveCfg = Release|Any CPU
		{D0126EB4-BAE9-4D0C-BB49-0FBA71CD67AB}.Release|x86.Build.0 = Release|Any CPU
	EndGlobalSection
	GlobalSection(SolutionProperties) = preSolution
		HideSolutionNode = FALSE
	EndGlobalSection
	GlobalSection(ExtensibilityGlobals) = postSolution
		SolutionGuid = {27B3504E-C18A-4016-8211-ED8ED286A1D5}
	EndGlobalSection
EndGlobal
